dependencies:
  idf:
    source:
      type: idf
    version: 5.5.0
  zorxx/dht:
    component_hash: 6a5e699b15509d99b90352694e23beb6646855486eb3bafefd1d50058d474e98
    dependencies: []
    source:
      registry_url: https://components.espressif.com/
      type: service
    version: 1.0.1
direct_dependencies:
- idf
- zorxx/dht
manifest_hash: b76749a41195fce1ffbb19fbef8eefd28cc385c36d5c7cef142518a049ecb88c
target: esp32
version: 2.0.0
